{
  "name": "music player",
  "lockfileVersion": 2,
  "requires": true,
  "packages": {
    "": {
      "dependencies": {
        "fomantic-ui-css": "^2.8.8"
      }
    },
    "node_modules/fomantic-ui-css": {
      "version": "2.8.8",
      "resolved": "https://registry.npmjs.org/fomantic-ui-css/-/fomantic-ui-css-2.8.8.tgz",
      "integrity": "sha512-mVzOha6ApNT0yolKHTt5MHla1aR7w8EKkk/B6FLaa8Bia48qhO1MDFKZriT93eS1RHOZzrN42GcNpT/mH6qMVA==",
      "dependencies": {
        "jquery": "^3.4.0"
      }
    },
    "node_modules/jquery": {
      "version": "3.6.0",
      "resolved": "https://registry.npmjs.org/jquery/-/jquery-3.6.0.tgz",
      "integrity": "sha512-JVzAR/AjBvVt2BmYhxRCSYysDsPcssdmTFnzyLEts9qNwmjmu4JTAMYubEfwVOSwpQ1I1sKKFcxhZCI2buerfw=="
    }
  },
  "dependencies": {
    "fomantic-ui-css": {
      "version": "2.8.8",
      "resolved": "https://registry.npmjs.org/fomantic-ui-css/-/fomantic-ui-css-2.8.8.tgz",
      "integrity": "sha512-mVzOha6ApNT0yolKHTt5MHla1aR7w8EKkk/B6FLaa8Bia48qhO1MDFKZriT93eS1RHOZzrN42GcNpT/mH6qMVA==",
      "requires": {
        "jquery": "^3.4.0"
      }
    },
    "jquery": {
      "version": "3.6.0",
      "resolved": "https://registry.npmjs.org/jquery/-/jquery-3.6.0.tgz",
      "integrity": "sha512-JVzAR/AjBvVt2BmYhxRCSYysDsPcssdmTFnzyLEts9qNwmjmu4JTAMYubEfwVOSwpQ1I1sKKFcxhZCI2buerfw=="
    }
  }
}
